// !$*UTF8*$!
{
	archiveVersion = 1;
	classes = {
	};
	objectVersion = 77;
	objects = {

/* Begin PBXContainerItemProxy section */
		46AEB87A2E28BFAA0017664C /* PBXContainerItemProxy */ = {
			isa = PBXContainerItemProxy;
			containerPortal = 46AEB85B2E28BFA90017664C /* Project object */;
			proxyType = 1;
			remoteGlobalIDString = 46AEB8622E28BFA90017664C;
			remoteInfo = Shruthi;
		};
		46AEB8842E28BFAA0017664C /* PBXContainerItemProxy */ = {
			isa = PBXContainerItemProxy;
			containerPortal = 46AEB85B2E28BFA90017664C /* Project object */;
			proxyType = 1;
			remoteGlobalIDString = 46AEB8622E28BFA90017664C;
			remoteInfo = Shruthi;
		};
/* End PBXContainerItemProxy section */

/* Begin PBXFileReference section */
		46AEB8632E28BFA90017664C /* Shruthi.app */ = {isa = PBXFileReference; explicitFileType = wrapper.application; includeInIndex = 0; path = Shruthi.app; sourceTree = BUILT_PRODUCTS_DIR; };
		46AEB8792E28BFAA0017664C /* ShruthiTests.xctest */ = {isa = PBXFileReference; explicitFileType = wrapper.cfbundle; includeInIndex = 0; path = ShruthiTests.xctest; sourceTree = BUILT_PRODUCTS_DIR; };
		46AEB8832E28BFAA0017664C /* ShruthiUITests.xctest */ = {isa = PBXFileReference; explicitFileType = wrapper.cfbundle; includeInIndex = 0; path = ShruthiUITests.xctest; sourceTree = BUILT_PRODUCTS_DIR; };
/* End PBXFileReference section */

/* Begin PBXFileSystemSynchronizedBuildFileExceptionSet section */
		46AEB88B2E28BFAA0017664C /* Exceptions for "Shruthi" folder in "Shruthi" target */ = {
			isa = PBXFileSystemSynchronizedBuildFileExceptionSet;
			membershipExceptions = (
				Info.plist,
			);
			target = 46AEB8622E28BFA90017664C /* Shruthi */;
		};
/* End PBXFileSystemSynchronizedBuildFileExceptionSet section */

/* Begin PBXFileSystemSynchronizedRootGroup section */
		46AEB8652E28BFA90017664C /* Shruthi */ = {
			isa = PBXFileSystemSynchronizedRootGroup;
			exceptions = (
				46AEB88B2E28BFAA0017664C /* Exceptions for "Shruthi" folder in "Shruthi" target */,
			);
			path = Shruthi;
			sourceTree = "<group>";
		};
		46AEB87C2E28BFAA0017664C /* ShruthiTests */ = {
			isa = PBXFileSystemSynchronizedRootGroup;
			path = ShruthiTests;
			sourceTree = "<group>";
		};
		46AEB8862E28BFAA0017664C /* ShruthiUITests */ = {
			isa = PBXFileSystemSynchronizedRootGroup;
			path = ShruthiUITests;
			sourceTree = "<group>";
		};
/* End PBXFileSystemSynchronizedRootGroup section */

/* Begin PBXFrameworksBuildPhase section */
		46AEB8602E28BFA90017664C /* Frameworks */ = {
			isa = PBXFrameworksBuildPhase;
			buildActionMask = 2147483647;
			files = (
			);
			runOnlyForDeploymentPostprocessing = 0;
		};
		46AEB8762E28BFAA0017664C /* Frameworks */ = {
			isa = PBXFrameworksBuildPhase;
			buildActionMask = 2147483647;
			files = (
			);
			runOnlyForDeploymentPostprocessing = 0;
		};
		46AEB8802E28BFAA0017664C /* Frameworks */ = {
			isa = PBXFrameworksBuildPhase;
			buildActionMask = 2147483647;
			files = (
			);
			runOnlyForDeploymentPostprocessing = 0;
		};
/* End PBXFrameworksBuildPhase section */

/* Begin PBXGroup section */
		46AEB85A2E28BFA90017664C = {
			isa = PBXGroup;
			children = (
				46AEB8652E28BFA90017664C /* Shruthi */,
				46AEB87C2E28BFAA0017664C /* ShruthiTests */,
				46AEB8862E28BFAA0017664C /* ShruthiUITests */,
				46AEB8642E28BFA90017664C /* Products */,
			);
			sourceTree = "<group>";
		};
		46AEB8642E28BFA90017664C /* Products */ = {
			isa = PBXGroup;
			children = (
				46AEB8632E28BFA90017664C /* Shruthi.app */,
				46AEB8792E28BFAA0017664C /* ShruthiTests.xctest */,
				46AEB8832E28BFAA0017664C /* ShruthiUITests.xctest */,
			);
			name = Products;
			sourceTree = "<group>";
		};
/* End PBXGroup section */

/* Begin PBXNativeTarget section */
		46AEB8622E28BFA90017664C /* Shruthi */ = {
			isa = PBXNativeTarget;
			buildConfigurationList = 46AEB88C2E28BFAA0017664C /* Build configuration list for PBXNativeTarget "Shruthi" */;
			buildPhases = (
				46AEB85F2E28BFA90017664C /* Sources */,
				46AEB8602E28BFA90017664C /* Frameworks */,
				46AEB8612E28BFA90017664C /* Resources */,
			);
			buildRules = (
			);
			dependencies = (
			);
			fileSystemSynchronizedGroups = (
				46AEB8652E28BFA90017664C /* Shruthi */,
			);
			name = Shruthi;
			packageProductDependencies = (
			);
			productName = Shruthi;
			productReference = 46AEB8632E28BFA90017664C /* Shruthi.app */;
			productType = "com.apple.product-type.application";
		};
		46AEB8782E28BFAA0017664C /* ShruthiTests */ = {
			isa = PBXNativeTarget;
			buildConfigurationList = 46AEB8912E28BFAA0017664C /* Build configuration list for PBXNativeTarget "ShruthiTests" */;
			buildPhases = (
				46AEB8752E28BFAA0017664C /* Sources */,
				46AEB8762E28BFAA0017664C /* Frameworks */,
				46AEB8772E28BFAA0017664C /* Resources */,
			);
			buildRules = (
			);
			dependencies = (
				46AEB87B2E28BFAA0017664C /* PBXTargetDependency */,
			);
			fileSystemSynchronizedGroups = (
				46AEB87C2E28BFAA0017664C /* ShruthiTests */,
			);
			name = ShruthiTests;
			packageProductDependencies = (
			);
			productName = ShruthiTests;
			productReference = 46AEB8792E28BFAA0017664C /* ShruthiTests.xctest */;
			productType = "com.apple.product-type.bundle.unit-test";
		};
		46AEB8822E28BFAA0017664C /* ShruthiUITests */ = {
			isa = PBXNativeTarget;
			buildConfigurationList = 46AEB8942E28BFAA0017664C /* Build configuration list for PBXNativeTarget "ShruthiUITests" */;
			buildPhases = (
				46AEB87F2E28BFAA0017664C /* Sources */,
				46AEB8802E28BFAA0017664C /* Frameworks */,
				46AEB8812E28BFAA0017664C /* Resources */,
			);
			buildRules = (
			);
			dependencies = (
				46AEB8852E28BFAA0017664C /* PBXTargetDependency */,
			);
			fileSystemSynchronizedGroups = (
				46AEB8862E28BFAA0017664C /* ShruthiUITests */,
			);
			name = ShruthiUITests;
			packageProductDependencies = (
			);
			productName = ShruthiUITests;
			productReference = 46AEB8832E28BFAA0017664C /* ShruthiUITests.xctest */;
			productType = "com.apple.product-type.bundle.ui-testing";
		};
/* End PBXNativeTarget section */

/* Begin PBXProject section */
		46AEB85B2E28BFA90017664C /* Project object */ = {
			isa = PBXProject;
			attributes = {
				BuildIndependentTargetsInParallel = 1;
				LastSwiftUpdateCheck = 1600;
				LastUpgradeCheck = 1600;
				TargetAttributes = {
					46AEB8622E28BFA90017664C = {
						CreatedOnToolsVersion = 16.0;
					};
					46AEB8782E28BFAA0017664C = {
						CreatedOnToolsVersion = 16.0;
						TestTargetID = 46AEB8622E28BFA90017664C;
					};
					46AEB8822E28BFAA0017664C = {
						CreatedOnToolsVersion = 16.0;
						TestTargetID = 46AEB8622E28BFA90017664C;
					};
				};
			};
			buildConfigurationList = 46AEB85E2E28BFA90017664C /* Build configuration list for PBXProject "Shruthi" */;
			developmentRegion = en;
			hasScannedForEncodings = 0;
			knownRegions = (
				en,
				Base,
			);
			mainGroup = 46AEB85A2E28BFA90017664C;
			minimizedProjectReferenceProxies = 1;
			preferredProjectObjectVersion = 77;
			productRefGroup = 46AEB8642E28BFA90017664C /* Products */;
			projectDirPath = "";
			projectRoot = "";
			targets = (
				46AEB8622E28BFA90017664C /* Shruthi */,
				46AEB8782E28BFAA0017664C /* ShruthiTests */,
				46AEB8822E28BFAA0017664C /* ShruthiUITests */,
			);
		};
/* End PBXProject section */

/* Begin PBXResourcesBuildPhase section */
		46AEB8612E28BFA90017664C /* Resources */ = {
			isa = PBXResourcesBuildPhase;
			buildActionMask = 2147483647;
			files = (
			);
			runOnlyForDeploymentPostprocessing = 0;
		};
		46AEB8772E28BFAA0017664C /* Resources */ = {
			isa = PBXResourcesBuildPhase;
			buildActionMask = 2147483647;
			files = (
			);
			runOnlyForDeploymentPostprocessing = 0;
		};
		46AEB8812E28BFAA0017664C /* Resources */ = {
			isa = PBXResourcesBuildPhase;
			buildActionMask = 2147483647;
			files = (
			);
			runOnlyForDeploymentPostprocessing = 0;
		};
/* End PBXResourcesBuildPhase section */

/* Begin PBXSourcesBuildPhase section */
		46AEB85F2E28BFA90017664C /* Sources */ = {
			isa = PBXSourcesBuildPhase;
			buildActionMask = 2147483647;
			files = (
			);
			runOnlyForDeploymentPostprocessing = 0;
		};
		46AEB8752E28BFAA0017664C /* Sources */ = {
			isa = PBXSourcesBuildPhase;
			buildActionMask = 2147483647;
			files = (
			);
			runOnlyForDeploymentPostprocessing = 0;
		};
		46AEB87F2E28BFAA0017664C /* Sources */ = {
			isa = PBXSourcesBuildPhase;
			buildActionMask = 2147483647;
			files = (
			);
			runOnlyForDeploymentPostprocessing = 0;
		};
/* End PBXSourcesBuildPhase section */

/* Begin PBXTargetDependency section */
		46AEB87B2E28BFAA0017664C /* PBXTargetDependency */ = {
			isa = PBXTargetDependency;
			target = 46AEB8622E28BFA90017664C /* Shruthi */;
			targetProxy = 46AEB87A2E28BFAA0017664C /* PBXContainerItemProxy */;
		};
		46AEB8852E28BFAA0017664C /* PBXTargetDependency */ = {
			isa = PBXTargetDependency;
			target = 46AEB8622E28BFA90017664C /* Shruthi */;
			targetProxy = 46AEB8842E28BFAA0017664C /* PBXContainerItemProxy */;
		};
/* End PBXTargetDependency section */

/* Begin XCBuildConfiguration section */
		46AEB88D2E28BFAA0017664C /* Debug */ = {
			isa = XCBuildConfiguration;
			buildSettings = {
				ASSETCATALOG_COMPILER_APPICON_NAME = AppIcon;
				ASSETCATALOG_COMPILER_GLOBAL_ACCENT_COLOR_NAME = AccentColor;
				CODE_SIGN_STYLE = Automatic;
				CURRENT_PROJECT_VERSION = 1;
				GENERATE_INFOPLIST_FILE = YES;
				INFOPLIST_FILE = Shruthi/Info.plist;
				INFOPLIST_KEY_UIApplicationSupportsIndirectInputEvents = YES;
				INFOPLIST_KEY_UILaunchStoryboardName = LaunchScreen;
				INFOPLIST_KEY_UISupportedInterfaceOrientations_iPad = "UIInterfaceOrientationPortrait UIInterfaceOrientationPortraitUpsideDown UIInterfaceOrientationLandscapeLeft UIInterfaceOrientationLandscapeRight";
				INFOPLIST_KEY_UISupportedInterfaceOrientations_iPhone = "UIInterfaceOrientationPortrait UIInterfaceOrientationLandscapeLeft UIInterfaceOrientationLandscapeRight";
				LD_RUNPATH_SEARCH_PATHS = (
					"$(inherited)",
					"@executable_path/Frameworks",
				);
				MARKETING_VERSION = 1.0;
				PRODUCT_BUNDLE_IDENTIFIER = iOSTutor.Shruthi;
				PRODUCT_NAME = "$(TARGET_NAME)";
				SWIFT_EMIT_LOC_STRINGS = YES;
				SWIFT_VERSION = 5.0;
				TARGETED_DEVICE_FAMILY = "1,2";
			};
			name = Debug;
		};
		46AEB88E2E28BFAA0017664C /* Release */ = {
			isa = XCBuildConfiguration;
			buildSettings = {
				ASSETCATALOG_COMPILER_APPICON_NAME = AppIcon;
				ASSETCATALOG_COMPILER_GLOBAL_ACCENT_COLOR_NAME = AccentColor;
				CODE_SIGN_STYLE = Automatic;
				CURRENT_PROJECT_VERSION = 1;
				GENERATE_INFOPLIST_FILE = YES;
				INFOPLIST_FILE = Shruthi/Info.plist;
				INFOPLIST_KEY_UIApplicationSupportsIndirectInputEvents = YES;
				INFOPLIST_KEY_UILaunchStoryboardName = LaunchScreen;
				INFOPLIST_KEY_UISupportedInterfaceOrientations_iPad = "UIInterfaceOrientationPortrait UIInterfaceOrientationPortraitUpsideDown UIInterfaceOrientationLandscapeLeft UIInterfaceOrientationLandscapeRight";
				INFOPLIST_KEY_UISupportedInterfaceOrientations_iPhone = "UIInterfaceOrientationPortrait UIInterfaceOrientationLandscapeLeft UIInterfaceOrientationLandscapeRight";
				LD_RUNPATH_SEARCH_PATHS = (
					"$(inherited)",
					"@executable_path/Frameworks",
				);
				MARKETING_VERSION = 1.0;
				PRODUCT_BUNDLE_IDENTIFIER = iOSTutor.Shruthi;
				PRODUCT_NAME = "$(TARGET_NAME)";
				SWIFT_EMIT_LOC_STRINGS = YES;
				SWIFT_VERSION = 5.0;
				TARGETED_DEVICE_FAMILY = "1,2";
			};
			name = Release;
		};
		46AEB88F2E28BFAA0017664C /* Debug */ = {
			isa = XCBuildConfiguration;
			buildSettings = {
				ALWAYS_SEARCH_USER_PATHS = NO;
				ASSETCATALOG_COMPILER_GENERATE_SWIFT_ASSET_SYMBOL_EXTENSIONS = YES;
				CLANG_ANALYZER_NONNULL = YES;
				CLANG_ANALYZER_NUMBER_OBJECT_CONVERSION = YES_AGGRESSIVE;
				CLANG_CXX_LANGUAGE_STANDARD = "gnu++20";
				CLANG_ENABLE_MODULES = YES;
				CLANG_ENABLE_OBJC_ARC = YES;
				CLANG_ENABLE_OBJC_WEAK = YES;
				CLANG_WARN_BLOCK_CAPTURE_AUTORELEASING = YES;
				CLANG_WARN_BOOL_CONVERSION = YES;
				CLANG_WARN_COMMA = YES;
				CLANG_WARN_CONSTANT_CONVERSION = YES;
				CLANG_WARN_DEPRECATED_OBJC_IMPLEMENTATIONS = YES;
				CLANG_WARN_DIRECT_OBJC_ISA_USAGE = YES_ERROR;
				CLANG_WARN_DOCUMENTATION_COMMENTS = YES;
				CLANG_WARN_EMPTY_BODY = YES;
				CLANG_WARN_ENUM_CONVERSION = YES;
				CLANG_WARN_INFINITE_RECURSION = YES;
				CLANG_WARN_INT_CONVERSION = YES;
				CLANG_WARN_NON_LITERAL_NULL_CONVERSION = YES;
				CLANG_WARN_OBJC_IMPLICIT_RETAIN_SELF = YES;
				CLANG_WARN_OBJC_LITERAL_CONVERSION = YES;
				CLANG_WARN_OBJC_ROOT_CLASS = YES_ERROR;
				CLANG_WARN_QUOTED_INCLUDE_IN_FRAMEWORK_HEADER = YES;
				CLANG_WARN_RANGE_LOOP_ANALYSIS = YES;
				CLANG_WARN_STRICT_PROTOTYPES = YES;
				CLANG_WARN_SUSPICIOUS_MOVE = YES;
				CLANG_WARN_UNGUARDED_AVAILABILITY = YES_AGGRESSIVE;
				CLANG_WARN_UNREACHABLE_CODE = YES;
				CLANG_WARN__DUPLICATE_METHOD_MATCH = YES;
				COPY_PHASE_STRIP = NO;
				DEBUG_INFORMATION_FORMAT = dwarf;
				ENABLE_STRICT_OBJC_MSGSEND = YES;
				ENABLE_TESTABILITY = YES;
				ENABLE_USER_SCRIPT_SANDBOXING = YES;
				GCC_C_LANGUAGE_STANDARD = gnu17;
				GCC_DYNAMIC_NO_PIC = NO;
				GCC_NO_COMMON_BLOCKS = YES;
				GCC_OPTIMIZATION_LEVEL = 0;
				GCC_PREPROCESSOR_DEFINITIONS = (
					"DEBUG=1",
					"$(inherited)",
				);
				GCC_WARN_64_TO_32_BIT_CONVERSION = YES;
				GCC_WARN_ABOUT_RETURN_TYPE = YES_ERROR;
				GCC_WARN_UNDECLARED_SELECTOR = YES;
				GCC_WARN_UNINITIALIZED_AUTOS = YES_AGGRESSIVE;
				GCC_WARN_UNUSED_FUNCTION = YES;
				GCC_WARN_UNUSED_VARIABLE = YES;
				IPHONEOS_DEPLOYMENT_TARGET = 18.0;
				LOCALIZATION_PREFERS_STRING_CATALOGS = YES;
				MTL_ENABLE_DEBUG_INFO = INCLUDE_SOURCE;
				MTL_FAST_MATH = YES;
				ONLY_ACTIVE_ARCH = YES;
				SDKROOT = iphoneos;
				SWIFT_ACTIVE_COMPILATION_CONDITIONS = "DEBUG $(inherited)";
				SWIFT_OPTIMIZATION_LEVEL = "-Onone";
			};
			name = Debug;
		};
		46AEB8902E28BFAA0017664C /* Release */ = {
			isa = XCBuildConfiguration;
			buildSettings = {
				ALWAYS_SEARCH_USER_PATHS = NO;
				ASSETCATALOG_COMPILER_GENERATE_SWIFT_ASSET_SYMBOL_EXTENSIONS = YES;
				CLANG_ANALYZER_NONNULL = YES;
				CLANG_ANALYZER_NUMBER_OBJECT_CONVERSION = YES_AGGRESSIVE;
				CLANG_CXX_LANGUAGE_STANDARD = "gnu++20";
				CLANG_ENABLE_MODULES = YES;
				CLANG_ENABLE_OBJC_ARC = YES;
				CLANG_ENABLE_OBJC_WEAK = YES;
				CLANG_WARN_BLOCK_CAPTURE_AUTORELEASING = YES;
				CLANG_WARN_BOOL_CONVERSION = YES;
				CLANG_WARN_COMMA = YES;
				CLANG_WARN_CONSTANT_CONVERSION = YES;
				CLANG_WARN_DEPRECATED_OBJC_IMPLEMENTATIONS = YES;
				CLANG_WARN_DIRECT_OBJC_ISA_USAGE = YES_ERROR;
				CLANG_WARN_DOCUMENTATION_COMMENTS = YES;
				CLANG_WARN_EMPTY_BODY = YES;
				CLANG_WARN_ENUM_CONVERSION = YES;
				CLANG_WARN_INFINITE_RECURSION = YES;
				CLANG_WARN_INT_CONVERSION = YES;
				CLANG_WARN_NON_LITERAL_NULL_CONVERSION = YES;
				CLANG_WARN_OBJC_IMPLICIT_RETAIN_SELF = YES;
				CLANG_WARN_OBJC_LITERAL_CONVERSION = YES;
				CLANG_WARN_OBJC_ROOT_CLASS = YES_ERROR;
				CLANG_WARN_QUOTED_INCLUDE_IN_FRAMEWORK_HEADER = YES;
				CLANG_WARN_RANGE_LOOP_ANALYSIS = YES;
				CLANG_WARN_STRICT_PROTOTYPES = YES;
				CLANG_WARN_SUSPICIOUS_MOVE = YES;
				CLANG_WARN_UNGUARDED_AVAILABILITY = YES_AGGRESSIVE;
				CLANG_WARN_UNREACHABLE_CODE = YES;
				CLANG_WARN__DUPLICATE_METHOD_MATCH = YES;
				COPY_PHASE_STRIP = NO;
				DEBUG_INFORMATION_FORMAT = "dwarf-with-dsym";
				ENABLE_NS_ASSERTIONS = NO;
				ENABLE_STRICT_OBJC_MSGSEND = YES;
				ENABLE_USER_SCRIPT_SANDBOXING = YES;
				GCC_C_LANGUAGE_STANDARD = gnu17;
				GCC_NO_COMMON_BLOCKS = YES;
				GCC_WARN_64_TO_32_BIT_CONVERSION = YES;
				GCC_WARN_ABOUT_RETURN_TYPE = YES_ERROR;
				GCC_WARN_UNDECLARED_SELECTOR = YES;
				GCC_WARN_UNINITIALIZED_AUTOS = YES_AGGRESSIVE;
				GCC_WARN_UNUSED_FUNCTION = YES;
				GCC_WARN_UNUSED_VARIABLE = YES;
				IPHONEOS_DEPLOYMENT_TARGET = 18.0;
				LOCALIZATION_PREFERS_STRING_CATALOGS = YES;
				MTL_ENABLE_DEBUG_INFO = NO;
				MTL_FAST_MATH = YES;
				SDKROOT = iphoneos;
				SWIFT_COMPILATION_MODE = wholemodule;
				VALIDATE_PRODUCT = YES;
			};
			name = Release;
		};
		46AEB8922E28BFAA0017664C /* Debug */ = {
			isa = XCBuildConfiguration;
			buildSettings = {
				BUNDLE_LOADER = "$(TEST_HOST)";
				CODE_SIGN_STYLE = Automatic;
				CURRENT_PROJECT_VERSION = 1;
				GENERATE_INFOPLIST_FILE = YES;
				IPHONEOS_DEPLOYMENT_TARGET = 18.0;
				MARKETING_VERSION = 1.0;
				PRODUCT_BUNDLE_IDENTIFIER = iOSTutor.ShruthiTests;
				PRODUCT_NAME = "$(TARGET_NAME)";
				SWIFT_EMIT_LOC_STRINGS = NO;
				SWIFT_VERSION = 5.0;
				TARGETED_DEVICE_FAMILY = "1,2";
				TEST_HOST = "$(BUILT_PRODUCTS_DIR)/Shruthi.app/$(BUNDLE_EXECUTABLE_FOLDER_PATH)/Shruthi";
			};
			name = Debug;
		};
		46AEB8932E28BFAA0017664C /* Release */ = {
			isa = XCBuildConfiguration;
			buildSettings = {
				BUNDLE_LOADER = "$(TEST_HOST)";
				CODE_SIGN_STYLE = Automatic;
				CURRENT_PROJECT_VERSION = 1;
				GENERATE_INFOPLIST_FILE = YES;
				IPHONEOS_DEPLOYMENT_TARGET = 18.0;
				MARKETING_VERSION = 1.0;
				PRODUCT_BUNDLE_IDENTIFIER = iOSTutor.ShruthiTests;
				PRODUCT_NAME = "$(TARGET_NAME)";
				SWIFT_EMIT_LOC_STRINGS = NO;
				SWIFT_VERSION = 5.0;
				TARGETED_DEVICE_FAMILY = "1,2";
				TEST_HOST = "$(BUILT_PRODUCTS_DIR)/Shruthi.app/$(BUNDLE_EXECUTABLE_FOLDER_PATH)/Shruthi";
			};
			name = Release;
		};
		46AEB8952E28BFAA0017664C /* Debug */ = {
			isa = XCBuildConfiguration;
			buildSettings = {
				CODE_SIGN_STYLE = Automatic;
				CURRENT_PROJECT_VERSION = 1;
				GENERATE_INFOPLIST_FILE = YES;
				MARKETING_VERSION = 1.0;
				PRODUCT_BUNDLE_IDENTIFIER = iOSTutor.ShruthiUITests;
				PRODUCT_NAME = "$(TARGET_NAME)";
				SWIFT_EMIT_LOC_STRINGS = NO;
				SWIFT_VERSION = 5.0;
				TARGETED_DEVICE_FAMILY = "1,2";
				TEST_TARGET_NAME = Shruthi;
			};
			name = Debug;
		};
		46AEB8962E28BFAA0017664C /* Release */ = {
			isa = XCBuildConfiguration;
			buildSettings = {
				CODE_SIGN_STYLE = Automatic;
				CURRENT_PROJECT_VERSION = 1;
				GENERATE_INFOPLIST_FILE = YES;
				MARKETING_VERSION = 1.0;
				PRODUCT_BUNDLE_IDENTIFIER = iOSTutor.ShruthiUITests;
				PRODUCT_NAME = "$(TARGET_NAME)";
				SWIFT_EMIT_LOC_STRINGS = NO;
				SWIFT_VERSION = 5.0;
				TARGETED_DEVICE_FAMILY = "1,2";
				TEST_TARGET_NAME = Shruthi;
			};
			name = Release;
		};
/* End XCBuildConfiguration section */

/* Begin XCConfigurationList section */
		46AEB85E2E28BFA90017664C /* Build configuration list for PBXProject "Shruthi" */ = {
			isa = XCConfigurationList;
			buildConfigurations = (
				46AEB88F2E28BFAA0017664C /* Debug */,
				46AEB8902E28BFAA0017664C /* Release */,
			);
			defaultConfigurationIsVisible = 0;
			defaultConfigurationName = Release;
		};
		46AEB88C2E28BFAA0017664C /* Build configuration list for PBXNativeTarget "Shruthi" */ = {
			isa = XCConfigurationList;
			buildConfigurations = (
				46AEB88D2E28BFAA0017664C /* Debug */,
				46AEB88E2E28BFAA0017664C /* Release */,
			);
			defaultConfigurationIsVisible = 0;
			defaultConfigurationName = Release;
		};
		46AEB8912E28BFAA0017664C /* Build configuration list for PBXNativeTarget "ShruthiTests" */ = {
			isa = XCConfigurationList;
			buildConfigurations = (
				46AEB8922E28BFAA0017664C /* Debug */,
				46AEB8932E28BFAA0017664C /* Release */,
			);
			defaultConfigurationIsVisible = 0;
			defaultConfigurationName = Release;
		};
		46AEB8942E28BFAA0017664C /* Build configuration list for PBXNativeTarget "ShruthiUITests" */ = {
			isa = XCConfigurationList;
			buildConfigurations = (
				46AEB8952E28BFAA0017664C /* Debug */,
				46AEB8962E28BFAA0017664C /* Release */,
			);
			defaultConfigurationIsVisible = 0;
			defaultConfigurationName = Release;
		};
/* End XCConfigurationList section */
	};
	rootObject = 46AEB85B2E28BFA90017664C /* Project object */;
}
